// !$*UTF8*$!
{
	archiveVersion = 1;
	classes = {
	};
	objectVersion = 50;
	objects = {

/* Begin PBXBuildFile section */
		973410F226451C6400D4E184 /* AppDelegate.m in Sources */ = {isa = PBXBuildFile; fileRef = 973410F126451C6400D4E184 /* AppDelegate.m */; };
		973410F526451C6500D4E184 /* SceneDelegate.m in Sources */ = {isa = PBXBuildFile; fileRef = 973410F426451C6500D4E184 /* SceneDelegate.m */; };
		973410F826451C6500D4E184 /* ViewController.m in Sources */ = {isa = PBXBuildFile; fileRef = 973410F726451C6500D4E184 /* ViewController.m */; };
		973410FB26451C6500D4E184 /* Main.storyboard in Resources */ = {isa = PBXBuildFile; fileRef = 973410F926451C6500D4E184 /* Main.storyboard */; };
		973410FD26451C6700D4E184 /* Assets.xcassets in Resources */ = {isa = PBXBuildFile; fileRef = 973410FC26451C6700D4E184 /* Assets.xcassets */; };
		9734110026451C6700D4E184 /* LaunchScreen.storyboard in Resources */ = {isa = PBXBuildFile; fileRef = 973410FE26451C6700D4E184 /* LaunchScreen.storyboard */; };
		9734110326451C6700D4E184 /* main.m in Sources */ = {isa = PBXBuildFile; fileRef = 9734110226451C6700D4E184 /* main.m */; };
		973411202645203400D4E184 /* DTDriftButton.m in Sources */ = {isa = PBXBuildFile; fileRef = 9734111C2645203400D4E184 /* DTDriftButton.m */; };
		973411212645203400D4E184 /* ZDEncodeDecodeTools.m in Sources */ = {isa = PBXBuildFile; fileRef = 9734111F2645203400D4E184 /* ZDEncodeDecodeTools.m */; };
/* End PBXBuildFile section */

/* Begin PBXFileReference section */
		973410ED26451C6400D4E184 /* HPGDriftButtonMaster.app */ = {isa = PBXFileReference; explicitFileType = wrapper.application; includeInIndex = 0; path = HPGDriftButtonMaster.app; sourceTree = BUILT_PRODUCTS_DIR; };
		973410F026451C6400D4E184 /* AppDelegate.h */ = {isa = PBXFileReference; lastKnownFileType = sourcecode.c.h; path = AppDelegate.h; sourceTree = "<group>"; };
		973410F126451C6400D4E184 /* AppDelegate.m */ = {isa = PBXFileReference; lastKnownFileType = sourcecode.c.objc; path = AppDelegate.m; sourceTree = "<group>"; };
		973410F326451C6500D4E184 /* SceneDelegate.h */ = {isa = PBXFileReference; lastKnownFileType = sourcecode.c.h; path = SceneDelegate.h; sourceTree = "<group>"; };
		973410F426451C6500D4E184 /* SceneDelegate.m */ = {isa = PBXFileReference; lastKnownFileType = sourcecode.c.objc; path = SceneDelegate.m; sourceTree = "<group>"; };
		973410F626451C6500D4E184 /* ViewController.h */ = {isa = PBXFileReference; lastKnownFileType = sourcecode.c.h; path = ViewController.h; sourceTree = "<group>"; };
		973410F726451C6500D4E184 /* ViewController.m */ = {isa = PBXFileReference; lastKnownFileType = sourcecode.c.objc; path = ViewController.m; sourceTree = "<group>"; };
		973410FA26451C6500D4E184 /* Base */ = {isa = PBXFileReference; lastKnownFileType = file.storyboard; name = Base; path = Base.lproj/Main.storyboard; sourceTree = "<group>"; };
		973410FC26451C6700D4E184 /* Assets.xcassets */ = {isa = PBXFileReference; lastKnownFileType = folder.assetcatalog; path = Assets.xcassets; sourceTree = "<group>"; };
		973410FF26451C6700D4E184 /* Base */ = {isa = PBXFileReference; lastKnownFileType = file.storyboard; name = Base; path = Base.lproj/LaunchScreen.storyboard; sourceTree = "<group>"; };
		9734110126451C6700D4E184 /* Info.plist */ = {isa = PBXFileReference; lastKnownFileType = text.plist.xml; path = Info.plist; sourceTree = "<group>"; };
		9734110226451C6700D4E184 /* main.m */ = {isa = PBXFileReference; lastKnownFileType = sourcecode.c.objc; path = main.m; sourceTree = "<group>"; };
		9734111C2645203400D4E184 /* DTDriftButton.m */ = {isa = PBXFileReference; fileEncoding = 4; lastKnownFileType = sourcecode.c.objc; path = DTDriftButton.m; sourceTree = "<group>"; };
		9734111D2645203400D4E184 /* ZDEncodeDecodeTools.h */ = {isa = PBXFileReference; fileEncoding = 4; lastKnownFileType = sourcecode.c.h; path = ZDEncodeDecodeTools.h; sourceTree = "<group>"; };
		9734111E2645203400D4E184 /* DTDriftButton.h */ = {isa = PBXFileReference; fileEncoding = 4; lastKnownFileType = sourcecode.c.h; path = DTDriftButton.h; sourceTree = "<group>"; };
		9734111F2645203400D4E184 /* ZDEncodeDecodeTools.m */ = {isa = PBXFileReference; fileEncoding = 4; lastKnownFileType = sourcecode.c.objc; path = ZDEncodeDecodeTools.m; sourceTree = "<group>"; };
/* End PBXFileReference section */

/* Begin PBXFrameworksBuildPhase section */
		973410EA26451C6400D4E184 /* Frameworks */ = {
			isa = PBXFrameworksBuildPhase;
			buildActionMask = 2147483647;
			files = (
			);
			runOnlyForDeploymentPostprocessing = 0;
		};
/* End PBXFrameworksBuildPhase section */

/* Begin PBXGroup section */
		973410E426451C6400D4E184 = {
			isa = PBXGroup;
			children = (
				9734111B2645203400D4E184 /* DriftButton */,
				973410EF26451C6400D4E184 /* HPGDriftButtonMaster */,
				973410EE26451C6400D4E184 /* Products */,
			);
			sourceTree = "<group>";
		};
		973410EE26451C6400D4E184 /* Products */ = {
			isa = PBXGroup;
			children = (
				973410ED26451C6400D4E184 /* HPGDriftButtonMaster.app */,
			);
			name = Products;
			sourceTree = "<group>";
		};
		973410EF26451C6400D4E184 /* HPGDriftButtonMaster */ = {
			isa = PBXGroup;
			children = (
				973410F026451C6400D4E184 /* AppDelegate.h */,
				973410F126451C6400D4E184 /* AppDelegate.m */,
				973410F326451C6500D4E184 /* SceneDelegate.h */,
				973410F426451C6500D4E184 /* SceneDelegate.m */,
				973410F626451C6500D4E184 /* ViewController.h */,
				973410F726451C6500D4E184 /* ViewController.m */,
				973410F926451C6500D4E184 /* Main.storyboard */,
				973410FC26451C6700D4E184 /* Assets.xcassets */,
				973410FE26451C6700D4E184 /* LaunchScreen.storyboard */,
				9734110126451C6700D4E184 /* Info.plist */,
				9734110226451C6700D4E184 /* main.m */,
			);
			path = HPGDriftButtonMaster;
			sourceTree = "<group>";
		};
		9734111B2645203400D4E184 /* DriftButton */ = {
			isa = PBXGroup;
			children = (
				9734111E2645203400D4E184 /* DTDriftButton.h */,
				9734111C2645203400D4E184 /* DTDriftButton.m */,
				9734111D2645203400D4E184 /* ZDEncodeDecodeTools.h */,
				9734111F2645203400D4E184 /* ZDEncodeDecodeTools.m */,
			);
			name = DriftButton;
			path = ../DriftButton;
			sourceTree = "<group>";
		};
/* End PBXGroup section */

/* Begin PBXNativeTarget section */
		973410EC26451C6400D4E184 /* HPGDriftButtonMaster */ = {
			isa = PBXNativeTarget;
			buildConfigurationList = 9734110626451C6700D4E184 /* Build configuration list for PBXNativeTarget "HPGDriftButtonMaster" */;
			buildPhases = (
				973410E926451C6400D4E184 /* Sources */,
				973410EA26451C6400D4E184 /* Frameworks */,
				973410EB26451C6400D4E184 /* Resources */,
			);
			buildRules = (
			);
			dependencies = (
			);
			name = HPGDriftButtonMaster;
			productName = HPGDriftButtonMaster;
			productReference = 973410ED26451C6400D4E184 /* HPGDriftButtonMaster.app */;
			productType = "com.apple.product-type.application";
		};
/* End PBXNativeTarget section */

/* Begin PBXProject section */
		973410E526451C6400D4E184 /* Project object */ = {
			isa = PBXProject;
			attributes = {
				LastUpgradeCheck = 1230;
				TargetAttributes = {
					973410EC26451C6400D4E184 = {
						CreatedOnToolsVersion = 12.3;
					};
				};
			};
			buildConfigurationList = 973410E826451C6400D4E184 /* Build configuration list for PBXProject "HPGDriftButtonMaster" */;
			compatibilityVersion = "Xcode 9.3";
			developmentRegion = en;
			hasScannedForEncodings = 0;
			knownRegions = (
				en,
				Base,
			);
			mainGroup = 973410E426451C6400D4E184;
			productRefGroup = 973410EE26451C6400D4E184 /* Products */;
			projectDirPath = "";
			projectRoot = "";
			targets = (
				973410EC26451C6400D4E184 /* HPGDriftButtonMaster */,
			);
		};
/* End PBXProject section */

/* Begin PBXResourcesBuildPhase section */
		973410EB26451C6400D4E184 /* Resources */ = {
			isa = PBXResourcesBuildPhase;
			buildActionMask = 2147483647;
			files = (
				9734110026451C6700D4E184 /* LaunchScreen.storyboard in Resources */,
				973410FD26451C6700D4E184 /* Assets.xcassets in Resources */,
				973410FB26451C6500D4E184 /* Main.storyboard in Resources */,
			);
			runOnlyForDeploymentPostprocessing = 0;
		};
/* End PBXResourcesBuildPhase section */

/* Begin PBXSourcesBuildPhase section */
		973410E926451C6400D4E184 /* Sources */ = {
			isa = PBXSourcesBuildPhase;
			buildActionMask = 2147483647;
			files = (
				973411202645203400D4E184 /* DTDriftButton.m in Sources */,
				973410F826451C6500D4E184 /* ViewController.m in Sources */,
				973410F226451C6400D4E184 /* AppDelegate.m in Sources */,
				9734110326451C6700D4E184 /* main.m in Sources */,
				973410F526451C6500D4E184 /* SceneDelegate.m in Sources */,
				973411212645203400D4E184 /* ZDEncodeDecodeTools.m in Sources */,
			);
			runOnlyForDeploymentPostprocessing = 0;
		};
/* End PBXSourcesBuildPhase section */

/* Begin PBXVariantGroup section */
		973410F926451C6500D4E184 /* Main.storyboard */ = {
			isa = PBXVariantGroup;
			children = (
				973410FA26451C6500D4E184 /* Base */,
			);
			name = Main.storyboard;
			sourceTree = "<group>";
		};
		973410FE26451C6700D4E184 /* LaunchScreen.storyboard */ = {
			isa = PBXVariantGroup;
			children = (
				973410FF26451C6700D4E184 /* Base */,
			);
			name = LaunchScreen.storyboard;
			sourceTree = "<group>";
		};
/* End PBXVariantGroup section */

/* Begin XCBuildConfiguration section */
		9734110426451C6700D4E184 /* Debug */ = {
			isa = XCBuildConfiguration;
			buildSettings = {
				ALWAYS_SEARCH_USER_PATHS = NO;
				CLANG_ANALYZER_NONNULL = YES;
				CLANG_ANALYZER_NUMBER_OBJECT_CONVERSION = YES_AGGRESSIVE;
				CLANG_CXX_LANGUAGE_STANDARD = "gnu++14";
				CLANG_CXX_LIBRARY = "libc++";
				CLANG_ENABLE_MODULES = YES;
				CLANG_ENABLE_OBJC_ARC = YES;
				CLANG_ENABLE_OBJC_WEAK = YES;
				CLANG_WARN_BLOCK_CAPTURE_AUTORELEASING = YES;
				CLANG_WARN_BOOL_CONVERSION = YES;
				CLANG_WARN_COMMA = YES;
				CLANG_WARN_CONSTANT_CONVERSION = YES;
				CLANG_WARN_DEPRECATED_OBJC_IMPLEMENTATIONS = YES;
				CLANG_WARN_DIRECT_OBJC_ISA_USAGE = YES_ERROR;
				CLANG_WARN_DOCUMENTATION_COMMENTS = YES;
				CLANG_WARN_EMPTY_BODY = YES;
				CLANG_WARN_ENUM_CONVERSION = YES;
				CLANG_WARN_INFINITE_RECURSION = YES;
				CLANG_WARN_INT_CONVERSION = YES;
				CLANG_WARN_NON_LITERAL_NULL_CONVERSION = YES;
				CLANG_WARN_OBJC_IMPLICIT_RETAIN_SELF = YES;
				CLANG_WARN_OBJC_LITERAL_CONVERSION = YES;
				CLANG_WARN_OBJC_ROOT_CLASS = YES_ERROR;
				CLANG_WARN_QUOTED_INCLUDE_IN_FRAMEWORK_HEADER = YES;
				CLANG_WARN_RANGE_LOOP_ANALYSIS = YES;
				CLANG_WARN_STRICT_PROTOTYPES = YES;
				CLANG_WARN_SUSPICIOUS_MOVE = YES;
				CLANG_WARN_UNGUARDED_AVAILABILITY = YES_AGGRESSIVE;
				CLANG_WARN_UNREACHABLE_CODE = YES;
				CLANG_WARN__DUPLICATE_METHOD_MATCH = YES;
				COPY_PHASE_STRIP = NO;
				DEBUG_INFORMATION_FORMAT = dwarf;
				ENABLE_STRICT_OBJC_MSGSEND = YES;
				ENABLE_TESTABILITY = YES;
				GCC_C_LANGUAGE_STANDARD = gnu11;
				GCC_DYNAMIC_NO_PIC = NO;
				GCC_NO_COMMON_BLOCKS = YES;
				GCC_OPTIMIZATION_LEVEL = 0;
				GCC_PREPROCESSOR_DEFINITIONS = (
					"DEBUG=1",
					"$(inherited)",
				);
				GCC_WARN_64_TO_32_BIT_CONVERSION = YES;
				GCC_WARN_ABOUT_RETURN_TYPE = YES_ERROR;
				GCC_WARN_UNDECLARED_SELECTOR = YES;
				GCC_WARN_UNINITIALIZED_AUTOS = YES_AGGRESSIVE;
				GCC_WARN_UNUSED_FUNCTION = YES;
				GCC_WARN_UNUSED_VARIABLE = YES;
				IPHONEOS_DEPLOYMENT_TARGET = 14.3;
				MTL_ENABLE_DEBUG_INFO = INCLUDE_SOURCE;
				MTL_FAST_MATH = YES;
				ONLY_ACTIVE_ARCH = YES;
				SDKROOT = iphoneos;
			};
			name = Debug;
		};
		9734110526451C6700D4E184 /* Release */ = {
			isa = XCBuildConfiguration;
			buildSettings = {
				ALWAYS_SEARCH_USER_PATHS = NO;
				CLANG_ANALYZER_NONNULL = YES;
				CLANG_ANALYZER_NUMBER_OBJECT_CONVERSION = YES_AGGRESSIVE;
				CLANG_CXX_LANGUAGE_STANDARD = "gnu++14";
				CLANG_CXX_LIBRARY = "libc++";
				CLANG_ENABLE_MODULES = YES;
				CLANG_ENABLE_OBJC_ARC = YES;
				CLANG_ENABLE_OBJC_WEAK = YES;
				CLANG_WARN_BLOCK_CAPTURE_AUTORELEASING = YES;
				CLANG_WARN_BOOL_CONVERSION = YES;
				CLANG_WARN_COMMA = YES;
				CLANG_WARN_CONSTANT_CONVERSION = YES;
				CLANG_WARN_DEPRECATED_OBJC_IMPLEMENTATIONS = YES;
				CLANG_WARN_DIRECT_OBJC_ISA_USAGE = YES_ERROR;
				CLANG_WARN_DOCUMENTATION_COMMENTS = YES;
				CLANG_WARN_EMPTY_BODY = YES;
				CLANG_WARN_ENUM_CONVERSION = YES;
				CLANG_WARN_INFINITE_RECURSION = YES;
				CLANG_WARN_INT_CONVERSION = YES;
				CLANG_WARN_NON_LITERAL_NULL_CONVERSION = YES;
				CLANG_WARN_OBJC_IMPLICIT_RETAIN_SELF = YES;
				CLANG_WARN_OBJC_LITERAL_CONVERSION = YES;
				CLANG_WARN_OBJC_ROOT_CLASS = YES_ERROR;
				CLANG_WARN_QUOTED_INCLUDE_IN_FRAMEWORK_HEADER = YES;
				CLANG_WARN_RANGE_LOOP_ANALYSIS = YES;
				CLANG_WARN_STRICT_PROTOTYPES = YES;
				CLANG_WARN_SUSPICIOUS_MOVE = YES;
				CLANG_WARN_UNGUARDED_AVAILABILITY = YES_AGGRESSIVE;
				CLANG_WARN_UNREACHABLE_CODE = YES;
				CLANG_WARN__DUPLICATE_METHOD_MATCH = YES;
				COPY_PHASE_STRIP = NO;
				DEBUG_INFORMATION_FORMAT = "dwarf-with-dsym";
				ENABLE_NS_ASSERTIONS = NO;
				ENABLE_STRICT_OBJC_MSGSEND = YES;
				GCC_C_LANGUAGE_STANDARD = gnu11;
				GCC_NO_COMMON_BLOCKS = YES;
				GCC_WARN_64_TO_32_BIT_CONVERSION = YES;
				GCC_WARN_ABOUT_RETURN_TYPE = YES_ERROR;
				GCC_WARN_UNDECLARED_SELECTOR = YES;
				GCC_WARN_UNINITIALIZED_AUTOS = YES_AGGRESSIVE;
				GCC_WARN_UNUSED_FUNCTION = YES;
				GCC_WARN_UNUSED_VARIABLE = YES;
				IPHONEOS_DEPLOYMENT_TARGET = 14.3;
				MTL_ENABLE_DEBUG_INFO = NO;
				MTL_FAST_MATH = YES;
				SDKROOT = iphoneos;
				VALIDATE_PRODUCT = YES;
			};
			name = Release;
		};
		9734110726451C6700D4E184 /* Debug */ = {
			isa = XCBuildConfiguration;
			buildSettings = {
				ASSETCATALOG_COMPILER_APPICON_NAME = AppIcon;
				ASSETCATALOG_COMPILER_GLOBAL_ACCENT_COLOR_NAME = AccentColor;
				CODE_SIGN_STYLE = Automatic;
				DEVELOPMENT_TEAM = L2JM4SUF5K;
				INFOPLIST_FILE = HPGDriftButtonMaster/Info.plist;
				LD_RUNPATH_SEARCH_PATHS = (
					"$(inherited)",
					"@executable_path/Frameworks",
				);
				PRODUCT_BUNDLE_IDENTIFIER = "---.HPGDriftButtonMaster";
				PRODUCT_NAME = "$(TARGET_NAME)";
				TARGETED_DEVICE_FAMILY = "1,2";
			};
			name = Debug;
		};
		9734110826451C6700D4E184 /* Release */ = {
			isa = XCBuildConfiguration;
			buildSettings = {
				ASSETCATALOG_COMPILER_APPICON_NAME = AppIcon;
				ASSETCATALOG_COMPILER_GLOBAL_ACCENT_COLOR_NAME = AccentColor;
				CODE_SIGN_STYLE = Automatic;
				DEVELOPMENT_TEAM = L2JM4SUF5K;
				INFOPLIST_FILE = HPGDriftButtonMaster/Info.plist;
				LD_RUNPATH_SEARCH_PATHS = (
					"$(inherited)",
					"@executable_path/Frameworks",
				);
				PRODUCT_BUNDLE_IDENTIFIER = "---.HPGDriftButtonMaster";
				PRODUCT_NAME = "$(TARGET_NAME)";
				TARGETED_DEVICE_FAMILY = "1,2";
			};
			name = Release;
		};
/* End XCBuildConfiguration section */

/* Begin XCConfigurationList section */
		973410E826451C6400D4E184 /* Build configuration list for PBXProject "HPGDriftButtonMaster" */ = {
			isa = XCConfigurationList;
			buildConfigurations = (
				9734110426451C6700D4E184 /* Debug */,
				9734110526451C6700D4E184 /* Release */,
			);
			defaultConfigurationIsVisible = 0;
			defaultConfigurationName = Release;
		};
		9734110626451C6700D4E184 /* Build configuration list for PBXNativeTarget "HPGDriftButtonMaster" */ = {
			isa = XCConfigurationList;
			buildConfigurations = (
				9734110726451C6700D4E184 /* Debug */,
				9734110826451C6700D4E184 /* Release */,
			);
			defaultConfigurationIsVisible = 0;
			defaultConfigurationName = Release;
		};
/* End XCConfigurationList section */
	};
	rootObject = 973410E526451C6400D4E184 /* Project object */;
}
